# THIS IS AN AUTOGENERATED FILE. DO NOT EDIT THIS FILE DIRECTLY.
# yarn lockfile v1


"@floating-ui/core@^0.7.3":
  version "0.7.3"
  resolved "https://registry.yarnpkg.com/@floating-ui/core/-/core-0.7.3.tgz#d274116678ffae87f6b60e90f88cc4083eefab86"
  integrity sha512-buc8BXHmG9l82+OQXOFU3Kr2XQx9ys01U/Q9HMIrZ300iLc8HLMgh7dcCqgYzAzf4BkoQvDcXf5Y+CuEZ5JBYg==

"@floating-ui/dom@^0.5.2":
  version "0.5.4"
  resolved "https://registry.yarnpkg.com/@floating-ui/dom/-/dom-0.5.4.tgz#4eae73f78bcd4bd553ae2ade30e6f1f9c73fe3f1"
  integrity sha512-419BMceRLq0RrmTSDxn8hf9R3VCJv2K9PUfugh5JyEFmdjzDo+e8U5EdR8nzKq8Yj1htzLm3b6eQEEam3/rrtg==
  dependencies:
    "@floating-ui/core" "^0.7.3"

"@mapbox/search-js-core@^1.0.0-beta.21":
  version "1.0.0-beta.21"
  resolved "https://registry.yarnpkg.com/@mapbox/search-js-core/-/search-js-core-1.0.0-beta.21.tgz#62c080e9ec0336d306031c17d7854bbf1ce2974c"
  integrity sha512-Uc9XhZ4DVwylAdB+ZQ3bceJcmynh8C3sZAnIqVBdhz8yazaq2/wc9ciY6Cvqg2BAAzaDksDMTF8EHwNqSs9O0g==
  dependencies:
    "@types/geojson" "^7946.0.8"

"@mapbox/search-js-web@^1.0.0-beta.21":
  version "1.0.0-beta.21"
  resolved "https://registry.yarnpkg.com/@mapbox/search-js-web/-/search-js-web-1.0.0-beta.21.tgz#48e609fb4fd52d56f0d792802ac254dfb5e1256d"
  integrity sha512-y3lkOo59m24FrW0xrpGe423iW5fyFkpzdy9nGGCYm/0BqbumOWWbz9Qb4sNTKY0KJ7PQMTO01mS1qn7oPXYr1g==
  dependencies:
    "@floating-ui/dom" "^0.5.2"
    "@mapbox/search-js-core" "^1.0.0-beta.21"
    "@mapbox/sphericalmercator" "^1.2.0"
    focus-trap "^6.7.3"
    no-scroll "^2.1.1"
    subtag "^0.5.0"

"@mapbox/sphericalmercator@^1.2.0":
  version "1.2.0"
  resolved "https://registry.yarnpkg.com/@mapbox/sphericalmercator/-/sphericalmercator-1.2.0.tgz#55d4896be906bfff859e22a1d72267329a0fff90"
  integrity sha512-ZTOuuwGuMOJN+HEmG/68bSEw15HHaMWmQ5gdTsWdWsjDe56K1kGvLOK6bOSC8gWgIvEO0w6un/2Gvv1q5hJSkQ==

"@types/geojson@^7946.0.8":
  version "7946.0.14"
  resolved "https://registry.yarnpkg.com/@types/geojson/-/geojson-7946.0.14.tgz#319b63ad6df705ee2a65a73ef042c8271e696613"
  integrity sha512-WCfD5Ht3ZesJUsONdhvm84dmzWOiOzOAqOncN0++w0lBw1o8OuDNJF2McvvCef/yBqb/HYRahp1BYtODFQ8bRg==

focus-trap@^6.7.3:
  version "6.9.4"
  resolved "https://registry.yarnpkg.com/focus-trap/-/focus-trap-6.9.4.tgz#436da1a1d935c48b97da63cd8f361c6f3aa16444"
  integrity sha512-v2NTsZe2FF59Y+sDykKY+XjqZ0cPfhq/hikWVL88BqLivnNiEffAsac6rP6H45ff9wG9LL5ToiDqrLEP9GX9mw==
  dependencies:
    tabbable "^5.3.3"

no-scroll@^2.1.1:
  version "2.1.1"
  resolved "https://registry.yarnpkg.com/no-scroll/-/no-scroll-2.1.1.tgz#f37e08cb159b75a5bdbfc0a87cd9223e120e6e27"
  integrity sha512-YTzGAJOo/B6hkodeT5SKKHpOhAzjMfkUCCXjLJwjWk2F4/InIg+HbdH9kmT7bKpleDuqLZDTRy2OdNtAj0IVyQ==

subtag@^0.5.0:
  version "0.5.0"
  resolved "https://registry.yarnpkg.com/subtag/-/subtag-0.5.0.tgz#1728a8df5257fb98ded4fb981b2ac7af10cf58ba"
  integrity sha512-CaIBcTSb/nyk4xiiSOtZYz1B+F12ZxW8NEp54CdT+84vmh/h4sUnHGC6+KQXUfED8u22PQjCYWfZny8d2ELXwg==

tabbable@^5.3.3:
  version "5.3.3"
  resolved "https://registry.yarnpkg.com/tabbable/-/tabbable-5.3.3.tgz#aac0ff88c73b22d6c3c5a50b1586310006b47fbf"
  integrity sha512-QD9qKY3StfbZqWOPLp0++pOrAVb/HbUi5xCc8cUo4XjP19808oaMiDzn0leBY5mCespIBM0CIZePzZjgzR83kA==
